# This file is automatically @generated by Poetry 1.8.4 and should not be changed by hand.

[[package]]
name = "sqlite4"
version = "0.1.1"
description = "SQLite4 provides a simplified wrapper for SQLite3, along with built-in multi-thread safety."
optional = false
python-versions = "*"
files = [
    {file = "SQLite4-0.1.1-py3-none-any.whl", hash = "sha256:41144eaee3f3916772e4177bd242d58c5f7bcf47ec7c4472ae9106c9c26d6d37"},
    {file = "SQLite4-0.1.1.tar.gz", hash = "sha256:660f020b50d3bee97fa6250b65dc0ba0788fd62440cfe4cde85dc18dc9fe7430"},
]

[metadata]
lock-version = "2.0"
python-versions = "^3.12"
content-hash = "77a77736ea2f4bb3c3b6a2c557839b09fe4a17a503b8612395c4bad183591579"
